
Microsoft Visual Studio Solution File, Format Version 12.00
# Visual Studio 14
VisualStudioVersion = 14.0.25420.1
MinimumVisualStudioVersion = 10.0.40219.1
Project("{FAE04EC0-301F-11D3-BF4B-00C04F79EFBC}") = "SportsSubscription", "SportsSubscription\SportsSubscription.csproj", "{5071F6CD-9C2A-4B60-81D2-313A89C6E3BB}"
EndProject
<<<<<<< HEAD
=======
Project("{E24C65DC-7377-472B-9ABA-BC803B73C61A}") = "DvdRental 1.0(1)", "..\..\..\..\Desktop\DvdRental 1.0\DvdRental 1.0\", "{1A187EC7-016B-45DE-8B47-CCF157F75D50}"
	ProjectSection(WebsiteProperties) = preProject
		TargetFrameworkMoniker = ".NETFramework,Version%3Dv4.0"
		Debug.AspNetCompiler.VirtualPath = "/localhost_13911"
		Debug.AspNetCompiler.PhysicalPath = "..\..\..\..\Desktop\DvdRental 1.0\DvdRental 1.0\"
		Debug.AspNetCompiler.TargetPath = "PrecompiledWeb\localhost_13911\"
		Debug.AspNetCompiler.Updateable = "true"
		Debug.AspNetCompiler.ForceOverwrite = "true"
		Debug.AspNetCompiler.FixedNames = "false"
		Debug.AspNetCompiler.Debug = "True"
		Release.AspNetCompiler.VirtualPath = "/localhost_13911"
		Release.AspNetCompiler.PhysicalPath = "..\..\..\..\Desktop\DvdRental 1.0\DvdRental 1.0\"
		Release.AspNetCompiler.TargetPath = "PrecompiledWeb\localhost_13911\"
		Release.AspNetCompiler.Updateable = "true"
		Release.AspNetCompiler.ForceOverwrite = "true"
		Release.AspNetCompiler.FixedNames = "false"
		Release.AspNetCompiler.Debug = "False"
		VWDPort = "13911"
		SlnRelativePath = "..\..\..\..\Desktop\DvdRental 1.0\DvdRental 1.0\"
	EndProjectSection
EndProject
>>>>>>> origin/master
Global
	GlobalSection(SolutionConfigurationPlatforms) = preSolution
		Debug|Any CPU = Debug|Any CPU
		Release|Any CPU = Release|Any CPU
	EndGlobalSection
	GlobalSection(ProjectConfigurationPlatforms) = postSolution
		{5071F6CD-9C2A-4B60-81D2-313A89C6E3BB}.Debug|Any CPU.ActiveCfg = Debug|Any CPU
		{5071F6CD-9C2A-4B60-81D2-313A89C6E3BB}.Debug|Any CPU.Build.0 = Debug|Any CPU
		{5071F6CD-9C2A-4B60-81D2-313A89C6E3BB}.Release|Any CPU.ActiveCfg = Release|Any CPU
		{5071F6CD-9C2A-4B60-81D2-313A89C6E3BB}.Release|Any CPU.Build.0 = Release|Any CPU
<<<<<<< HEAD
=======
		{1A187EC7-016B-45DE-8B47-CCF157F75D50}.Debug|Any CPU.ActiveCfg = Debug|Any CPU
		{1A187EC7-016B-45DE-8B47-CCF157F75D50}.Debug|Any CPU.Build.0 = Debug|Any CPU
		{1A187EC7-016B-45DE-8B47-CCF157F75D50}.Release|Any CPU.ActiveCfg = Debug|Any CPU
		{1A187EC7-016B-45DE-8B47-CCF157F75D50}.Release|Any CPU.Build.0 = Debug|Any CPU
>>>>>>> origin/master
	EndGlobalSection
	GlobalSection(SolutionProperties) = preSolution
		HideSolutionNode = FALSE
	EndGlobalSection
EndGlobal
